
Microsoft Visual Studio Solution File, Format Version 12.00
# Visual Studio Version 17
VisualStudioVersion = 17.9.34622.214
MinimumVisualStudioVersion = 10.0.40219.1
Project("{9A19103F-16F7-4668-BE54-9A1E7A4F7556}") = "DailyPoetryA.Client", "DailyPoetryA.Client\DailyPoetryA.Client.csproj", "{14AE1C82-7AB7-48F3-9829-241E7DCB9C4C}"
EndProject
Project("{9A19103F-16F7-4668-BE54-9A1E7A4F7556}") = "Dpa.Library", "Dpa.Library\Dpa.Library.csproj", "{D2C43F29-1866-4999-AD2A-DA75912D639E}"
EndProject
Project("{FAE04EC0-301F-11D3-BF4B-00C04F79EFBC}") = "DailyPoetryA.UnitTest", "DailyPoetryA.UnitTest\DailyPoetryA.UnitTest.csproj", "{32DA6452-1C22-4D40-8A50-2240789E65A1}"
EndProject
Global
	GlobalSection(SolutionConfigurationPlatforms) = preSolution
		Debug|Any CPU = Debug|Any CPU
		Release|Any CPU = Release|Any CPU
	EndGlobalSection
	GlobalSection(ProjectConfigurationPlatforms) = postSolution
		{14AE1C82-7AB7-48F3-9829-241E7DCB9C4C}.Debug|Any CPU.ActiveCfg = Debug|Any CPU
		{14AE1C82-7AB7-48F3-9829-241E7DCB9C4C}.Debug|Any CPU.Build.0 = Debug|Any CPU
		{14AE1C82-7AB7-48F3-9829-241E7DCB9C4C}.Release|Any CPU.ActiveCfg = Release|Any CPU
		{14AE1C82-7AB7-48F3-9829-241E7DCB9C4C}.Release|Any CPU.Build.0 = Release|Any CPU
		{D2C43F29-1866-4999-AD2A-DA75912D639E}.Debug|Any CPU.ActiveCfg = Debug|Any CPU
		{D2C43F29-1866-4999-AD2A-DA75912D639E}.Debug|Any CPU.Build.0 = Debug|Any CPU
		{D2C43F29-1866-4999-AD2A-DA75912D639E}.Release|Any CPU.ActiveCfg = Release|Any CPU
		{D2C43F29-1866-4999-AD2A-DA75912D639E}.Release|Any CPU.Build.0 = Release|Any CPU
		{32DA6452-1C22-4D40-8A50-2240789E65A1}.Debug|Any CPU.ActiveCfg = Debug|Any CPU
		{32DA6452-1C22-4D40-8A50-2240789E65A1}.Debug|Any CPU.Build.0 = Debug|Any CPU
		{32DA6452-1C22-4D40-8A50-2240789E65A1}.Release|Any CPU.ActiveCfg = Release|Any CPU
		{32DA6452-1C22-4D40-8A50-2240789E65A1}.Release|Any CPU.Build.0 = Release|Any CPU
	EndGlobalSection
	GlobalSection(SolutionProperties) = preSolution
		HideSolutionNode = FALSE
	EndGlobalSection
	GlobalSection(ExtensibilityGlobals) = postSolution
		SolutionGuid = {3BED058F-3694-4557-A6FA-464A72E137C7}
	EndGlobalSection
EndGlobal
